
Microsoft Visual Studio Solution File, Format Version 12.00
# Visual Studio Version 17
VisualStudioVersion = 17.8.34330.188
MinimumVisualStudioVersion = 10.0.40219.1
Project("{9A19103F-16F7-4668-BE54-9A1E7A4F7556}") = "YZ.Calendar", "Calendar\YZ.Calendar.csproj", "{86BE0FFF-DE1A-41CA-8C0F-E721FFCD6301}"
EndProject
Project("{9A19103F-16F7-4668-BE54-9A1E7A4F7556}") = "ConsoleApp1", "ConsoleApp1\ConsoleApp1.csproj", "{4544C263-76F3-4499-B385-AF2766F06B10}"
EndProject
Project("{9A19103F-16F7-4668-BE54-9A1E7A4F7556}") = "TestProject1", "TestProject1\TestProject1.csproj", "{88CA18F7-19B9-4F58-A262-5943DC2E43E3}"
EndProject
Project("{2150E333-8FDC-42A3-9474-1A3956D46DE8}") = "解决方案项", "解决方案项", "{1C3C9A00-1601-47B3-A207-C727AB205278}"
	ProjectSection(SolutionItems) = preProject
		.gitignore = .gitignore
		README.md = README.md
	EndProjectSection
EndProject
Global
	GlobalSection(SolutionConfigurationPlatforms) = preSolution
		Debug|Any CPU = Debug|Any CPU
		Release|Any CPU = Release|Any CPU
	EndGlobalSection
	GlobalSection(ProjectConfigurationPlatforms) = postSolution
		{86BE0FFF-DE1A-41CA-8C0F-E721FFCD6301}.Debug|Any CPU.ActiveCfg = Debug|Any CPU
		{86BE0FFF-DE1A-41CA-8C0F-E721FFCD6301}.Debug|Any CPU.Build.0 = Debug|Any CPU
		{86BE0FFF-DE1A-41CA-8C0F-E721FFCD6301}.Release|Any CPU.ActiveCfg = Release|Any CPU
		{86BE0FFF-DE1A-41CA-8C0F-E721FFCD6301}.Release|Any CPU.Build.0 = Release|Any CPU
		{4544C263-76F3-4499-B385-AF2766F06B10}.Debug|Any CPU.ActiveCfg = Debug|Any CPU
		{4544C263-76F3-4499-B385-AF2766F06B10}.Debug|Any CPU.Build.0 = Debug|Any CPU
		{4544C263-76F3-4499-B385-AF2766F06B10}.Release|Any CPU.ActiveCfg = Release|Any CPU
		{4544C263-76F3-4499-B385-AF2766F06B10}.Release|Any CPU.Build.0 = Release|Any CPU
		{88CA18F7-19B9-4F58-A262-5943DC2E43E3}.Debug|Any CPU.ActiveCfg = Debug|Any CPU
		{88CA18F7-19B9-4F58-A262-5943DC2E43E3}.Debug|Any CPU.Build.0 = Debug|Any CPU
		{88CA18F7-19B9-4F58-A262-5943DC2E43E3}.Release|Any CPU.ActiveCfg = Release|Any CPU
		{88CA18F7-19B9-4F58-A262-5943DC2E43E3}.Release|Any CPU.Build.0 = Release|Any CPU
	EndGlobalSection
	GlobalSection(SolutionProperties) = preSolution
		HideSolutionNode = FALSE
	EndGlobalSection
	GlobalSection(ExtensibilityGlobals) = postSolution
		SolutionGuid = {B9510633-D9AF-4156-B55C-43B07D47B11D}
	EndGlobalSection
EndGlobal
