
Microsoft Visual Studio Solution File, Format Version 12.00
# Visual Studio Version 17
VisualStudioVersion = 17.5.002.0
MinimumVisualStudioVersion = 10.0.40219.1
Project("{9A19103F-16F7-4668-BE54-9A1E7A4F7556}") = "YZ.Calendar", "YZ.Calendar.csproj", "{8B6F7A5D-6DC2-4CB9-BBF9-7DE9CF75BB48}"
EndProject
Global
	GlobalSection(SolutionConfigurationPlatforms) = preSolution
		Debug|Any CPU = Debug|Any CPU
		Release|Any CPU = Release|Any CPU
	EndGlobalSection
	GlobalSection(ProjectConfigurationPlatforms) = postSolution
		{8B6F7A5D-6DC2-4CB9-BBF9-7DE9CF75BB48}.Debug|Any CPU.ActiveCfg = Debug|Any CPU
		{8B6F7A5D-6DC2-4CB9-BBF9-7DE9CF75BB48}.Debug|Any CPU.Build.0 = Debug|Any CPU
		{8B6F7A5D-6DC2-4CB9-BBF9-7DE9CF75BB48}.Release|Any CPU.ActiveCfg = Release|Any CPU
		{8B6F7A5D-6DC2-4CB9-BBF9-7DE9CF75BB48}.Release|Any CPU.Build.0 = Release|Any CPU
	EndGlobalSection
	GlobalSection(SolutionProperties) = preSolution
		HideSolutionNode = FALSE
	EndGlobalSection
	GlobalSection(ExtensibilityGlobals) = postSolution
		SolutionGuid = {3E7C955B-B6FA-4F79-99F5-DD15128F6078}
	EndGlobalSection
EndGlobal
